
Microsoft Visual Studio Solution File, Format Version 12.00
# Visual Studio Version 17
VisualStudioVersion = 17.5.002.0
MinimumVisualStudioVersion = 10.0.40219.1
Project("{9A19103F-16F7-4668-BE54-9A1E7A4F7556}") = "ExileMaps", "ExileMaps.csproj", "{75825F1C-B6F6-4C09-AEC4-11ACAFBBDFDE}"
EndProject
Global
	GlobalSection(SolutionConfigurationPlatforms) = preSolution
		Debug|Any CPU = Debug|Any CPU
		Release|Any CPU = Release|Any CPU
	EndGlobalSection
	GlobalSection(ProjectConfigurationPlatforms) = postSolution
		{75825F1C-B6F6-4C09-AEC4-11ACAFBBDFDE}.Debug|Any CPU.ActiveCfg = Debug|Any CPU
		{75825F1C-B6F6-4C09-AEC4-11ACAFBBDFDE}.Debug|Any CPU.Build.0 = Debug|Any CPU
		{75825F1C-B6F6-4C09-AEC4-11ACAFBBDFDE}.Release|Any CPU.ActiveCfg = Release|Any CPU
		{75825F1C-B6F6-4C09-AEC4-11ACAFBBDFDE}.Release|Any CPU.Build.0 = Release|Any CPU
	EndGlobalSection
	GlobalSection(SolutionProperties) = preSolution
		HideSolutionNode = FALSE
	EndGlobalSection
	GlobalSection(ExtensibilityGlobals) = postSolution
		SolutionGuid = {863AC345-EBB6-4CBB-A847-476C9EE566CC}
	EndGlobalSection
EndGlobal
